PODS:
  - ActionSheetPicker-3.0 (2.3.0)
  - AFNetworking (3.2.1):
    - AFNetworking/NSURLSession (= 3.2.1)
    - AFNetworking/Reachability (= 3.2.1)
    - AFNetworking/Security (= 3.2.1)
    - AFNetworking/Serialization (= 3.2.1)
    - AFNetworking/UIKit (= 3.2.1)
  - AFNetworking/NSURLSession (3.2.1):
    - AFNetworking/Reachability
    - AFNetworking/Security
    - AFNetworking/Serialization
  - AFNetworking/Reachability (3.2.1)
  - AFNetworking/Security (3.2.1)
  - AFNetworking/Serialization (3.2.1)
  - AFNetworking/UIKit (3.2.1):
    - AFNetworking/NSURLSession
  - Aspects (1.4.1)
  - AXIndicatorView (0.1.1)
  - AXNavigationBackItemInjection (0.0.2)
  - AXPracticalHUD (2.1.4):
    - AXIndicatorView
  - AXWebViewController (0.7.2):
    - Aspects
    - AXNavigationBackItemInjection
    - AXPracticalHUD
    - NJKWebViewProgress
  - BLKFlexibleHeightBar (1.0.2)
  - ChameleonFramework (2.1.0):
    - ChameleonFramework/Default (= 2.1.0)
  - ChameleonFramework/Default (2.1.0)
  - CSStickyHeaderFlowLayout (0.2.11)
  - DACircularProgress (2.3.1)
  - FLAnimatedImage (1.0.12)
  - FlatUIKit (1.6.2)
  - FMDB (2.7.2):
    - FMDB/standard (= 2.7.2)
  - FMDB/standard (2.7.2)
  - HMSegmentedControl (1.5.5)
  - IDMPhotoBrowser (1.10.2):
    - DACircularProgress
    - pop
    - SDWebImage
  - INTULocationManager (4.2.0)
  - IQKeyboardManager (6.1.1)
  - JAnalytics (1.2.1):
    - JCore (~> 1.2.0)
  - JCore (1.2.2)
  - JPush (3.1.0):
    - JCore (~> 1.2.0)
  - KVOController (1.2.0)
  - LCActionSheet (3.5.0):
    - Masonry (~> 1.1.0)
  - LKDBHelper (2.5.1):
    - LKDBHelper/standard (= 2.5.1)
  - LKDBHelper/standard (2.5.1):
    - FMDB
  - Masonry (1.1.0)
  - MJExtension (3.0.15.1)
  - MJRefresh (3.1.15.6)
  - mob_pushsdk (1.4.0):
    - mob_pushsdk/MobPush (= 1.4.0)
    - MOBFoundation
  - mob_pushsdk/MobPush (1.4.0):
    - MOBFoundation
  - mob_sharesdk (4.1.4):
    - mob_sharesdk/ShareSDK (= 4.1.4)
    - MOBFoundation
  - mob_sharesdk/ShareSDK (4.1.4):
    - MOBFoundation
  - mob_sharesdk/ShareSDKPlatforms/Copy (4.1.4):
    - mob_sharesdk/ShareSDK
    - MOBFoundation
  - mob_sharesdk/ShareSDKPlatforms/WeChatFull (4.1.4):
    - mob_sharesdk/ShareSDK
    - MOBFoundation
  - MOBFoundation (3.1.8)
  - NJKWebViewProgress (0.2.3):
    - NJKWebViewProgress/Core (= 0.2.3)
    - NJKWebViewProgress/ProgressView (= 0.2.3)
  - NJKWebViewProgress/Core (0.2.3)
  - NJKWebViewProgress/ProgressView (0.2.3)
  - Onboard (2.3.3)
  - pop (1.0.10)
  - PYSearch (0.9.0)
  - RKNotificationHub (2.0.5)
  - RMPZoomTransitionAnimator (1.0.3)
  - SDWebImage (4.4.2):
    - SDWebImage/Core (= 4.4.2)
  - SDWebImage/Core (4.4.2)
  - SDWebImage/GIF (4.4.2):
    - FLAnimatedImage (~> 1.0)
    - SDWebImage/Core
  - SVProgressHUD (2.2.5)
  - "UIViewController+Swizzled (1.4)"
  - XHLaunchAd (3.9.7):
    - FLAnimatedImage (~> 1.0.12)
  - XLForm (3.3.0)
  - XYUIFramework (0.0.99):
    - AFNetworking
    - IQKeyboardManager
    - LKDBHelper
    - Masonry
    - MJExtension
    - MJRefresh
    - SDWebImage
    - SVProgressHUD
    - YYCache
  - YYCache (1.0.4)

DEPENDENCIES:
  - ActionSheetPicker-3.0
  - AFNetworking
  - AXWebViewController
  - BLKFlexibleHeightBar
  - ChameleonFramework
  - CSStickyHeaderFlowLayout
  - FlatUIKit
  - HMSegmentedControl
  - IDMPhotoBrowser
  - INTULocationManager
  - IQKeyboardManager
  - JAnalytics
  - JPush
  - KVOController
  - LCActionSheet
  - LKDBHelper
  - Masonry
  - MJExtension
  - MJRefresh
  - mob_pushsdk
  - mob_sharesdk
  - mob_sharesdk/ShareSDKPlatforms/Copy
  - mob_sharesdk/ShareSDKPlatforms/WeChatFull
  - Onboard
  - PYSearch
  - RKNotificationHub
  - RMPZoomTransitionAnimator
  - SDWebImage
  - SDWebImage/GIF
  - SVProgressHUD
  - "UIViewController+Swizzled"
  - XHLaunchAd
  - XLForm
  - XYUIFramework (from `../`)
  - YYCache

SPEC REPOS:
  https://github.com/cocoapods/specs.git:
    - ActionSheetPicker-3.0
    - AFNetworking
    - Aspects
    - AXIndicatorView
    - AXNavigationBackItemInjection
    - AXPracticalHUD
    - AXWebViewController
    - BLKFlexibleHeightBar
    - ChameleonFramework
    - CSStickyHeaderFlowLayout
    - DACircularProgress
    - FLAnimatedImage
    - FlatUIKit
    - FMDB
    - HMSegmentedControl
    - IDMPhotoBrowser
    - INTULocationManager
    - IQKeyboardManager
    - JAnalytics
    - JCore
    - JPush
    - KVOController
    - LCActionSheet
    - LKDBHelper
    - Masonry
    - MJExtension
    - MJRefresh
    - mob_pushsdk
    - mob_sharesdk
    - MOBFoundation
    - NJKWebViewProgress
    - Onboard
    - pop
    - PYSearch
    - RKNotificationHub
    - RMPZoomTransitionAnimator
    - SDWebImage
    - SVProgressHUD
    - "UIViewController+Swizzled"
    - XHLaunchAd
    - XLForm
    - YYCache

EXTERNAL SOURCES:
  XYUIFramework:
    :path: "../"

SPEC CHECKSUMS:
  ActionSheetPicker-3.0: eef157d75e151f255c5333d26656c7fbfe905a51
  AFNetworking: b6f891fdfaed196b46c7a83cf209e09697b94057
  Aspects: 7595ba96a6727a58ebcbfc954497fc5d2fdde546
  AXIndicatorView: 566b490a2dd9781d4ffbcc9752be9b9cdc6e728e
  AXNavigationBackItemInjection: efe0446967f3cbcc85a9118decd1e145138912dd
  AXPracticalHUD: 821d170b31e050c426ef8754b07b4264a8b1d861
  AXWebViewController: 96566c473fce2806f4da696132b31777f5404c9f
  BLKFlexibleHeightBar: b27572a69633d8e33f1f2bbc486b04d8e86f742d
  ChameleonFramework: d21a3cc247abfe5e37609a283a8238b03575cf64
  CSStickyHeaderFlowLayout: e9bcb1762413f49d7d09e5bd0ae5efd1100116b7
  DACircularProgress: 4dd437c0fc3da5161cb289e07ac449493d41db71
  FLAnimatedImage: 4a0b56255d9b05f18b6dd7ee06871be5d3b89e31
  FlatUIKit: 1b41f0d4952ce8d970d8479ce79df54a960242c4
  FMDB: 6198a90e7b6900cfc046e6bc0ef6ebb7be9236aa
  HMSegmentedControl: f514c6dad47aa3065e0ed2e8046b73efc71221b9
  IDMPhotoBrowser: 4bb459b1faffc228e92bccdf7c54ad6d6b7e8c37
  INTULocationManager: 73f8254b3d05c897c56bb13c190e5b7c648c0998
  IQKeyboardManager: 79c57795f5c2408d259d37b9da2ed07efcbb5225
  JAnalytics: a65f716b383ad470aacd63a7af1984746cc3e06f
  JCore: f14c0549968a63c22e246a4875aa9d428446f373
  JPush: 5921e25ad13e0386351079217b009f2039084eac
  KVOController: d72ace34afea42468329623b3379ab3cd1d286b6
  LCActionSheet: b30611ab20290fc830976b7ae90ea2dd4142fb1c
  LKDBHelper: 9a276ba51f2e16263d46a9517e16cc9b03472664
  Masonry: 678fab65091a9290e40e2832a55e7ab731aad201
  MJExtension: 19bc33ce2eee2d319760f5622562cf581a6ff756
  MJRefresh: 0efa19656679d70a0f47cbe76e56c2271fe53a97
  mob_pushsdk: c53a732b0caf259b2777e233fe489791081e02a4
  mob_sharesdk: 765cc2fd2fac0a6fd7c3e6c2b10d729ad006c608
  MOBFoundation: 7f1e157be332576e4d45809a03bc733292c6ad8d
  NJKWebViewProgress: f481fd424cb5ecc27eacae11b5397db92fba9a4d
  Onboard: 4d6e943e20bdd6bc229df967a347dd7514bc2a6f
  pop: 82ca6b068ce9278fd350fd9dd09482a0ce9492e6
  PYSearch: 55175e6046e2e1b5236a90c780351988e914a015
  RKNotificationHub: e926748820d719f21ff374657a47fceefa1796b4
  RMPZoomTransitionAnimator: 33ded739d91052810c05c8e553663cc9ec79275b
  SDWebImage: 624d6e296c69b244bcede364c72ae0430ac14681
  SVProgressHUD: 1428aafac632c1f86f62aa4243ec12008d7a51d6
  "UIViewController+Swizzled": 1cd9397598ede6930f94fbcac4b43d63c7aa0dbb
  XHLaunchAd: 0dc50c5af00ee5d9e734b9dce6eece7acaa71122
  XLForm: d5c391dfc62865927b5bcab0a5a0dbfb3e02b0ec
  XYUIFramework: f3d0ee3f34a26b08895f7d1a0dd85b459e5a7e1c
  YYCache: 8105b6638f5e849296c71f331ff83891a4942952

PODFILE CHECKSUM: 06a83a334bcb80378089afdd57c8ab83aaac1a9b

COCOAPODS: 1.5.3
